
Microsoft Visual Studio Solution File, Format Version 12.00
# Visual Studio Version 17
VisualStudioVersion = 17.11.35303.130
MinimumVisualStudioVersion = 10.0.40219.1
Project("{FAE04EC0-301F-11D3-BF4B-00C04F79EFBC}") = "EmailProvider", "EmailProvider\EmailProvider.csproj", "{737B28CD-5733-4D8A-AC90-24FF3600A6FC}"
EndProject
Global
	GlobalSection(SolutionConfigurationPlatforms) = preSolution
		Debug|Any CPU = Debug|Any CPU
		Release|Any CPU = Release|Any CPU
	EndGlobalSection
	GlobalSection(ProjectConfigurationPlatforms) = postSolution
		{737B28CD-5733-4D8A-AC90-24FF3600A6FC}.Debug|Any CPU.ActiveCfg = Debug|Any CPU
		{737B28CD-5733-4D8A-AC90-24FF3600A6FC}.Debug|Any CPU.Build.0 = Debug|Any CPU
		{737B28CD-5733-4D8A-AC90-24FF3600A6FC}.Release|Any CPU.ActiveCfg = Release|Any CPU
		{737B28CD-5733-4D8A-AC90-24FF3600A6FC}.Release|Any CPU.Build.0 = Release|Any CPU
	EndGlobalSection
	GlobalSection(SolutionProperties) = preSolution
		HideSolutionNode = FALSE
	EndGlobalSection
	GlobalSection(ExtensibilityGlobals) = postSolution
		SolutionGuid = {7F2A71BB-82EB-4782-AEE4-AF1EC52FECA9}
	EndGlobalSection
EndGlobal
